{
  "name": "U_StudyingCommunity_Dream",
  "version": "4.7.1",
  "lockfileVersion": 1,
  "requires": true,
  "dependencies": {
    "@ant-design/colors": {
      "version": "3.2.2",
      "resolved": "https://registry.npmjs.org/@ant-design/colors/-/colors-3.2.2.tgz",
      "integrity": "sha512-YKgNbG2dlzqMhA9NtI3/pbY16m3Yl/EeWBRa+lB1X1YaYxHrxNexiQYCLTWO/uDvAjLFMEDU+zR901waBtMtjQ==",
      "requires": {
        "tinycolor2": "^1.4.1"
      }
    },
    "@ant-design/icons-angular": {
      "version": "8.0.3",
      "resolved": "https://registry.npmjs.org/@ant-design/icons-angular/-/icons-angular-8.0.3.tgz",
      "integrity": "sha512-P7h4g/cy2m3sb8N238QIMSHHPyJcYJahqZlDqQYxWChk3zNrSJfyWs9Rp1cEt68ZjMxsw1vwh4Fbvvm97dFedA==",
      "requires": {
        "@ant-design/colors": "^3.1.0",
        "tslib": "^1.9.0"
      }
    },
    "date-fns": {
      "version": "1.30.1",
      "resolved": "https://registry.npmjs.org/date-fns/-/date-fns-1.30.1.tgz",
      "integrity": "sha512-hBSVCvSmWC+QypYObzwGOd9wqdDpOt+0wl0KbU+R+uuZBS1jN8VsD1ss3irQDknRj5NvxiTF6oj/nDRnN/UQNw=="
    },
    "ng-zorro-antd": {
      "version": "8.4.0",
      "resolved": "https://registry.npmjs.org/ng-zorro-antd/-/ng-zorro-antd-8.4.0.tgz",
      "integrity": "sha512-WE7HOxnMLRAImdfcnSuEk1QhFx6xcqjSl5YIEFMh7LnvwNjOw+YUYiQFpEecF6RUi1GEJlP8A9efUGzSgVGAMw==",
      "requires": {
        "@angular/cdk": "^8.0.0",
        "@ant-design/icons-angular": "^8.0.2",
        "date-fns": "^1.30.1",
        "tslib": "^1.9.0"
      },
      "dependencies": {
        "@angular/cdk": {
          "version": "8.2.3",
          "resolved": "https://registry.npmjs.org/@angular/cdk/-/cdk-8.2.3.tgz",
          "integrity": "sha512-ZwO5Sn720RA2YvBqud0JAHkZXjmjxM0yNzCO8RVtRE9i8Gl26Wk0j0nQeJkVm4zwv2QO8MwbKUKGTMt8evsokA==",
          "requires": {
            "parse5": "^5.0.0",
            "tslib": "^1.7.1"
          }
        }
      }
    },
    "parse5": {
      "version": "5.1.0",
      "resolved": "https://registry.npmjs.org/parse5/-/parse5-5.1.0.tgz",
      "integrity": "sha512-fxNG2sQjHvlVAYmzBZS9YlDp6PTSSDwa98vkD4QgVDDCAo84z5X1t5XyJQ62ImdLXx5NdIIfihey6xpum9/gRQ==",
      "optional": true
    },
    "tinycolor2": {
      "version": "1.4.1",
      "resolved": "https://registry.npmjs.org/tinycolor2/-/tinycolor2-1.4.1.tgz",
      "integrity": "sha1-9PrTM0R7wLB9TcjpIJ2POaisd+g="
    },
    "tslib": {
      "version": "1.10.0",
      "resolved": "https://registry.npmjs.org/tslib/-/tslib-1.10.0.tgz",
      "integrity": "sha512-qOebF53frne81cf0S9B41ByenJ3/IuH8yJKngAX35CmiZySA0khhkovshKK+jGCaMnVomla7gVlIcc3EvKPbTQ=="
    }
  }
}
